PackratFormat: 1.4
PackratVersion: 0.4.9.2
RVersion: 3.5.0
Repos: CRAN=https://cran.uni-muenster.de/

Package: BH
Source: CRAN
Version: 1.66.0-1

Package: MatrixModels
Source: CRAN
Version: 0.4-1

Package: R6
Source: CRAN
Version: 2.2.2
Hash: b2366cd9d2f3851a5704b4e192b985c2

Package: RColorBrewer
Source: CRAN
Version: 1.1-2

Package: Rcpp
Source: CRAN
Version: 0.12.16
Hash: 8cc9dc88c11acdcf8a6dec4a0f1500bc

Package: RcppEigen
Source: CRAN
Version: 0.3.3.4.0
Requires: Rcpp

Package: SparseM
Source: CRAN
Version: 1.77

Package: assertthat
Source: CRAN
Version: 0.2.0
Hash: e8805df54c65ac96d50235c44a82615c

Package: backports
Source: CRAN
Version: 1.1.2
Hash: 5ae7b3466e529e4400951ca18c137e40

Package: base64enc
Source: CRAN
Version: 0.1-3
Hash: c590d29e555926af053055e23ee79efb

Package: cellranger
Source: CRAN
Version: 1.1.0
Requires: rematch, tibble

Package: cli
Source: CRAN
Version: 1.0.0
Requires: assertthat, crayon
Hash: f4239f89feb7ddc65821e4514e9734ae

Package: colorspace
Source: CRAN
Version: 1.3-2

Package: crayon
Source: CRAN
Version: 1.3.4
Hash: ff2840dd9b0d563fc80377a5a45510cd

Package: data.table
Source: CRAN
Version: 1.10.4-3

Package: dichromat
Source: CRAN
Version: 2.0-0

Package: digest
Source: CRAN
Version: 0.6.15
Hash: 1f202ebd812ac7192be3739245746a13

Package: evaluate
Source: CRAN
Version: 0.10.1
Requires: stringr
Hash: 54d95f4ec6d0300100413ed0127d89ae

Package: foreign
Source: CRAN
Version: 0.8-70
Hash: efc6c29bf303d087f6cd9391cbcc2906

Package: ggplot2
Source: CRAN
Version: 2.2.1
Requires: digest, gtable, lazyeval, plyr, reshape2, scales, tibble

Package: glue
Source: CRAN
Version: 1.2.0
Hash: 381e42baedecc633c0e547a0c7ca9de7

Package: gtable
Source: CRAN
Version: 0.2.0

Package: highr
Source: CRAN
Version: 0.6
Hash: aa3d5b7912b5fed4b546ed5cd2a1760b

Package: htmltools
Source: CRAN
Version: 0.3.6
Requires: Rcpp, digest
Hash: 358f767a496785afb8426c3abc8b6471

Package: httpuv
Source: CRAN
Version: 1.4.1
Requires: Rcpp, BH, later, promises

Package: jomo
Source: CRAN
Version: 2.6-1
Requires: lme4

Package: jsonlite
Source: CRAN
Version: 1.5
Hash: 9c51936d8dd00b2f1d4fe9d10499694c

Package: knitr
Source: CRAN
Version: 1.20
Requires: evaluate, highr, markdown, stringr, yaml
Hash: 9c6b215d1d02b97586c8232e94533e6a

Package: labeling
Source: CRAN
Version: 0.3

Package: later
Source: CRAN
Version: 0.7.1
Requires: Rcpp, rlang, BH

Package: lazyeval
Source: CRAN
Version: 0.2.1

Package: lme4
Source: CRAN
Version: 1.1-17
Requires: Rcpp, RcppEigen, minqa, nloptr

Package: magrittr
Source: CRAN
Version: 1.5
Hash: bdc4d48c3135e8f3b399536ddf160df4

Package: markdown
Source: CRAN
Version: 0.8
Requires: mime
Hash: 045d7c594d503b41f1c28946d076c8aa

Package: mice
Source: CRAN
Version: 2.46.0
Requires: Rcpp

Package: mime
Source: CRAN
Version: 0.5
Hash: 463550cf44fb6f0a2359368f42eebe62

Package: minqa
Source: CRAN
Version: 1.2.4
Requires: Rcpp

Package: mitools
Source: CRAN
Version: 2.3

Package: munsell
Source: CRAN
Version: 0.4.3
Requires: colorspace

Package: nloptr
Source: CRAN
Version: 1.0.4

Package: packrat
Source: CRAN
Version: 0.4.9-2
Hash: 47dbd4e04dcd01da02a2021203205cb1

Package: pillar
Source: CRAN
Version: 1.2.1
Requires: cli, crayon, rlang, utf8

Package: plyr
Source: CRAN
Version: 1.8.4
Requires: Rcpp

Package: promises
Source: CRAN
Version: 1.0.1
Requires: R6, Rcpp, magrittr, rlang, later

Package: quantreg
Source: CRAN
Version: 5.35
Requires: MatrixModels, SparseM

Package: readxl
Source: CRAN
Version: 1.1.0
Requires: Rcpp, cellranger, tibble

Package: rematch
Source: CRAN
Version: 1.0.1

Package: reshape2
Source: CRAN
Version: 1.4.3
Requires: Rcpp, stringr, plyr

Package: rlang
Source: CRAN
Version: 0.2.0
Hash: 647e2e50a72557d1a770dcd6701e562b

Package: rmarkdown
Source: CRAN
Version: 1.9
Requires: base64enc, evaluate, htmltools, jsonlite, knitr, mime,
    rprojroot, stringr, yaml
Hash: ab7f84e6f41ed8d8e8b9a2031cf631f8

Package: rprojroot
Source: CRAN
Version: 1.3-2
Requires: backports
Hash: a25c3f70c166fb3fbabc410eb32b6366

Package: scales
Source: CRAN
Version: 0.5.0
Requires: R6, Rcpp, RColorBrewer, dichromat, labeling, munsell, plyr,
    viridisLite

Package: shiny
Source: CRAN
Version: 1.0.5
Requires: R6, digest, htmltools, jsonlite, mime, httpuv, sourcetools,
    xtable

Package: shinycssloaders
Source: CRAN
Version: 0.2.0
Requires: digest, glue, shiny

Package: shinydashboard
Source: CRAN
Version: 0.7.0
Requires: htmltools, shiny

Package: shinyjs
Source: CRAN
Version: 1.0
Requires: digest, htmltools, jsonlite, shiny

Package: sourcetools
Source: CRAN
Version: 0.1.7

Package: stringi
Source: CRAN
Version: 1.1.7
Hash: d3dbb18da9a7b73a5b59416e33ad2cbd

Package: stringr
Source: CRAN
Version: 1.3.0
Requires: glue, magrittr, stringi
Hash: b2801fdc391caef2335dbdb1064836bb

Package: tibble
Source: CRAN
Version: 1.4.2
Requires: cli, crayon, rlang, pillar

Package: utf8
Source: CRAN
Version: 1.1.3

Package: viridisLite
Source: CRAN
Version: 0.3.0

Package: xtable
Source: CRAN
Version: 1.8-2

Package: yaml
Source: CRAN
Version: 2.1.18
Hash: 28c7e28c239d7a1d1bd579390bab89bd
